
Microsoft Visual Studio Solution File, Format Version 12.00
# Visual Studio Version 17
VisualStudioVersion = 17.13.35825.156 d17.13
MinimumVisualStudioVersion = 10.0.40219.1
Project("{FAE04EC0-301F-11D3-BF4B-00C04F79EFBC}") = "FWD 1", "FWD 1\FWD 1.csproj", "{BEBF3DCC-EBAD-459D-A30F-B6E850957BEF}"
EndProject
Global
	GlobalSection(SolutionConfigurationPlatforms) = preSolution
		Debug|Any CPU = Debug|Any CPU
		Release|Any CPU = Release|Any CPU
	EndGlobalSection
	GlobalSection(ProjectConfigurationPlatforms) = postSolution
		{BEBF3DCC-EBAD-459D-A30F-B6E850957BEF}.Debug|Any CPU.ActiveCfg = Debug|Any CPU
		{BEBF3DCC-EBAD-459D-A30F-B6E850957BEF}.Debug|Any CPU.Build.0 = Debug|Any CPU
		{BEBF3DCC-EBAD-459D-A30F-B6E850957BEF}.Release|Any CPU.ActiveCfg = Release|Any CPU
		{BEBF3DCC-EBAD-459D-A30F-B6E850957BEF}.Release|Any CPU.Build.0 = Release|Any CPU
	EndGlobalSection
	GlobalSection(SolutionProperties) = preSolution
		HideSolutionNode = FALSE
	EndGlobalSection
	GlobalSection(ExtensibilityGlobals) = postSolution
		SolutionGuid = {1E146A65-6041-43EB-9340-D19D536A0805}
	EndGlobalSection
EndGlobal
