
Microsoft Visual Studio Solution File, Format Version 12.00
# Visual Studio Version 17
VisualStudioVersion = 17.13.35825.156 d17.13
MinimumVisualStudioVersion = 10.0.40219.1
Project("{FAE04EC0-301F-11D3-BF4B-00C04F79EFBC}") = "FWD 11", "FWD 11\FWD 11.csproj", "{F44E7B38-5345-4134-85A1-45E2DE87C245}"
EndProject
Global
	GlobalSection(SolutionConfigurationPlatforms) = preSolution
		Debug|Any CPU = Debug|Any CPU
		Release|Any CPU = Release|Any CPU
	EndGlobalSection
	GlobalSection(ProjectConfigurationPlatforms) = postSolution
		{F44E7B38-5345-4134-85A1-45E2DE87C245}.Debug|Any CPU.ActiveCfg = Debug|Any CPU
		{F44E7B38-5345-4134-85A1-45E2DE87C245}.Debug|Any CPU.Build.0 = Debug|Any CPU
		{F44E7B38-5345-4134-85A1-45E2DE87C245}.Release|Any CPU.ActiveCfg = Release|Any CPU
		{F44E7B38-5345-4134-85A1-45E2DE87C245}.Release|Any CPU.Build.0 = Release|Any CPU
	EndGlobalSection
	GlobalSection(SolutionProperties) = preSolution
		HideSolutionNode = FALSE
	EndGlobalSection
	GlobalSection(ExtensibilityGlobals) = postSolution
		SolutionGuid = {548E59F6-49A2-4A1A-BC2F-C610219FC6D5}
	EndGlobalSection
EndGlobal
