
Microsoft Visual Studio Solution File, Format Version 12.00
# Visual Studio Version 17
VisualStudioVersion = 17.13.35825.156 d17.13
MinimumVisualStudioVersion = 10.0.40219.1
Project("{FAE04EC0-301F-11D3-BF4B-00C04F79EFBC}") = "ES 15", "ES 15\ES 15.csproj", "{D186EA29-3AA2-4931-AD30-1AEBFA1F93D5}"
EndProject
Global
	GlobalSection(SolutionConfigurationPlatforms) = preSolution
		Debug|Any CPU = Debug|Any CPU
		Release|Any CPU = Release|Any CPU
	EndGlobalSection
	GlobalSection(ProjectConfigurationPlatforms) = postSolution
		{D186EA29-3AA2-4931-AD30-1AEBFA1F93D5}.Debug|Any CPU.ActiveCfg = Debug|Any CPU
		{D186EA29-3AA2-4931-AD30-1AEBFA1F93D5}.Debug|Any CPU.Build.0 = Debug|Any CPU
		{D186EA29-3AA2-4931-AD30-1AEBFA1F93D5}.Release|Any CPU.ActiveCfg = Release|Any CPU
		{D186EA29-3AA2-4931-AD30-1AEBFA1F93D5}.Release|Any CPU.Build.0 = Release|Any CPU
	EndGlobalSection
	GlobalSection(SolutionProperties) = preSolution
		HideSolutionNode = FALSE
	EndGlobalSection
	GlobalSection(ExtensibilityGlobals) = postSolution
		SolutionGuid = {717CE79D-AF49-4600-A17C-4C78633663F0}
	EndGlobalSection
EndGlobal
