
Microsoft Visual Studio Solution File, Format Version 12.00
# Visual Studio Version 17
VisualStudioVersion = 17.13.35825.156 d17.13
MinimumVisualStudioVersion = 10.0.40219.1
Project("{FAE04EC0-301F-11D3-BF4B-00C04F79EFBC}") = "FWD 10", "FWD 10\FWD 10.csproj", "{DB4C5701-B260-43C6-B415-A390E87659D6}"
EndProject
Global
	GlobalSection(SolutionConfigurationPlatforms) = preSolution
		Debug|Any CPU = Debug|Any CPU
		Release|Any CPU = Release|Any CPU
	EndGlobalSection
	GlobalSection(ProjectConfigurationPlatforms) = postSolution
		{DB4C5701-B260-43C6-B415-A390E87659D6}.Debug|Any CPU.ActiveCfg = Debug|Any CPU
		{DB4C5701-B260-43C6-B415-A390E87659D6}.Debug|Any CPU.Build.0 = Debug|Any CPU
		{DB4C5701-B260-43C6-B415-A390E87659D6}.Release|Any CPU.ActiveCfg = Release|Any CPU
		{DB4C5701-B260-43C6-B415-A390E87659D6}.Release|Any CPU.Build.0 = Release|Any CPU
	EndGlobalSection
	GlobalSection(SolutionProperties) = preSolution
		HideSolutionNode = FALSE
	EndGlobalSection
	GlobalSection(ExtensibilityGlobals) = postSolution
		SolutionGuid = {BB63A569-0276-4369-8CB6-B6FA53ED31BA}
	EndGlobalSection
EndGlobal
