
Microsoft Visual Studio Solution File, Format Version 12.00
# Visual Studio Version 17
VisualStudioVersion = 17.13.35825.156 d17.13
MinimumVisualStudioVersion = 10.0.40219.1
Project("{FAE04EC0-301F-11D3-BF4B-00C04F79EFBC}") = "FWD 4", "FWD 4\FWD 4.csproj", "{3692EF09-FE56-4B30-A492-1DB8C4BF9DF9}"
EndProject
Global
	GlobalSection(SolutionConfigurationPlatforms) = preSolution
		Debug|Any CPU = Debug|Any CPU
		Release|Any CPU = Release|Any CPU
	EndGlobalSection
	GlobalSection(ProjectConfigurationPlatforms) = postSolution
		{3692EF09-FE56-4B30-A492-1DB8C4BF9DF9}.Debug|Any CPU.ActiveCfg = Debug|Any CPU
		{3692EF09-FE56-4B30-A492-1DB8C4BF9DF9}.Debug|Any CPU.Build.0 = Debug|Any CPU
		{3692EF09-FE56-4B30-A492-1DB8C4BF9DF9}.Release|Any CPU.ActiveCfg = Release|Any CPU
		{3692EF09-FE56-4B30-A492-1DB8C4BF9DF9}.Release|Any CPU.Build.0 = Release|Any CPU
	EndGlobalSection
	GlobalSection(SolutionProperties) = preSolution
		HideSolutionNode = FALSE
	EndGlobalSection
	GlobalSection(ExtensibilityGlobals) = postSolution
		SolutionGuid = {345AF73E-46B2-4D17-A4F3-A36DDF8210E7}
	EndGlobalSection
EndGlobal
