
Microsoft Visual Studio Solution File, Format Version 12.00
# Visual Studio Version 17
VisualStudioVersion = 17.13.35825.156 d17.13
MinimumVisualStudioVersion = 10.0.40219.1
Project("{FAE04EC0-301F-11D3-BF4B-00C04F79EFBC}") = "FWD 5", "FWD 5\FWD 5.csproj", "{A1A9C8FF-F95C-4631-AFD8-85A3D9875797}"
EndProject
Global
	GlobalSection(SolutionConfigurationPlatforms) = preSolution
		Debug|Any CPU = Debug|Any CPU
		Release|Any CPU = Release|Any CPU
	EndGlobalSection
	GlobalSection(ProjectConfigurationPlatforms) = postSolution
		{A1A9C8FF-F95C-4631-AFD8-85A3D9875797}.Debug|Any CPU.ActiveCfg = Debug|Any CPU
		{A1A9C8FF-F95C-4631-AFD8-85A3D9875797}.Debug|Any CPU.Build.0 = Debug|Any CPU
		{A1A9C8FF-F95C-4631-AFD8-85A3D9875797}.Release|Any CPU.ActiveCfg = Release|Any CPU
		{A1A9C8FF-F95C-4631-AFD8-85A3D9875797}.Release|Any CPU.Build.0 = Release|Any CPU
	EndGlobalSection
	GlobalSection(SolutionProperties) = preSolution
		HideSolutionNode = FALSE
	EndGlobalSection
	GlobalSection(ExtensibilityGlobals) = postSolution
		SolutionGuid = {5878D652-1267-493B-829E-9BE17548E073}
	EndGlobalSection
EndGlobal
