
Microsoft Visual Studio Solution File, Format Version 12.00
# Visual Studio Version 17
VisualStudioVersion = 17.13.35825.156 d17.13
MinimumVisualStudioVersion = 10.0.40219.1
Project("{FAE04EC0-301F-11D3-BF4B-00C04F79EFBC}") = "Practica 3 Suma 2 Numeros", "Practica 3 Suma 2 Numeros\Practica 3 Suma 2 Numeros.csproj", "{81B27870-F9FB-4E5C-ACD7-6554ACEE33D5}"
EndProject
Global
	GlobalSection(SolutionConfigurationPlatforms) = preSolution
		Debug|Any CPU = Debug|Any CPU
		Release|Any CPU = Release|Any CPU
	EndGlobalSection
	GlobalSection(ProjectConfigurationPlatforms) = postSolution
		{81B27870-F9FB-4E5C-ACD7-6554ACEE33D5}.Debug|Any CPU.ActiveCfg = Debug|Any CPU
		{81B27870-F9FB-4E5C-ACD7-6554ACEE33D5}.Debug|Any CPU.Build.0 = Debug|Any CPU
		{81B27870-F9FB-4E5C-ACD7-6554ACEE33D5}.Release|Any CPU.ActiveCfg = Release|Any CPU
		{81B27870-F9FB-4E5C-ACD7-6554ACEE33D5}.Release|Any CPU.Build.0 = Release|Any CPU
	EndGlobalSection
	GlobalSection(SolutionProperties) = preSolution
		HideSolutionNode = FALSE
	EndGlobalSection
	GlobalSection(ExtensibilityGlobals) = postSolution
		SolutionGuid = {463ECE1F-5F9A-4924-AA16-E4D32888AD36}
	EndGlobalSection
EndGlobal
