
Microsoft Visual Studio Solution File, Format Version 12.00
# Visual Studio Version 17
VisualStudioVersion = 17.13.35825.156 d17.13
MinimumVisualStudioVersion = 10.0.40219.1
Project("{FAE04EC0-301F-11D3-BF4B-00C04F79EFBC}") = "ES 14", "ES 14\ES 14.csproj", "{A43E1E43-2F6E-4050-8D61-1AE288609966}"
EndProject
Global
	GlobalSection(SolutionConfigurationPlatforms) = preSolution
		Debug|Any CPU = Debug|Any CPU
		Release|Any CPU = Release|Any CPU
	EndGlobalSection
	GlobalSection(ProjectConfigurationPlatforms) = postSolution
		{A43E1E43-2F6E-4050-8D61-1AE288609966}.Debug|Any CPU.ActiveCfg = Debug|Any CPU
		{A43E1E43-2F6E-4050-8D61-1AE288609966}.Debug|Any CPU.Build.0 = Debug|Any CPU
		{A43E1E43-2F6E-4050-8D61-1AE288609966}.Release|Any CPU.ActiveCfg = Release|Any CPU
		{A43E1E43-2F6E-4050-8D61-1AE288609966}.Release|Any CPU.Build.0 = Release|Any CPU
	EndGlobalSection
	GlobalSection(SolutionProperties) = preSolution
		HideSolutionNode = FALSE
	EndGlobalSection
	GlobalSection(ExtensibilityGlobals) = postSolution
		SolutionGuid = {16343CE1-154B-49B5-B7B4-63CE1379EBA5}
	EndGlobalSection
EndGlobal
