
Microsoft Visual Studio Solution File, Format Version 12.00
# Visual Studio Version 17
VisualStudioVersion = 17.13.35825.156 d17.13
MinimumVisualStudioVersion = 10.0.40219.1
Project("{FAE04EC0-301F-11D3-BF4B-00C04F79EFBC}") = "ES 13", "ES 13\ES 13.csproj", "{2F38022D-EDCA-442F-A312-0643B7B85EE0}"
EndProject
Global
	GlobalSection(SolutionConfigurationPlatforms) = preSolution
		Debug|Any CPU = Debug|Any CPU
		Release|Any CPU = Release|Any CPU
	EndGlobalSection
	GlobalSection(ProjectConfigurationPlatforms) = postSolution
		{2F38022D-EDCA-442F-A312-0643B7B85EE0}.Debug|Any CPU.ActiveCfg = Debug|Any CPU
		{2F38022D-EDCA-442F-A312-0643B7B85EE0}.Debug|Any CPU.Build.0 = Debug|Any CPU
		{2F38022D-EDCA-442F-A312-0643B7B85EE0}.Release|Any CPU.ActiveCfg = Release|Any CPU
		{2F38022D-EDCA-442F-A312-0643B7B85EE0}.Release|Any CPU.Build.0 = Release|Any CPU
	EndGlobalSection
	GlobalSection(SolutionProperties) = preSolution
		HideSolutionNode = FALSE
	EndGlobalSection
	GlobalSection(ExtensibilityGlobals) = postSolution
		SolutionGuid = {0F8C3F6A-802D-4074-AF7C-645048F37FCA}
	EndGlobalSection
EndGlobal
