
Microsoft Visual Studio Solution File, Format Version 12.00
# Visual Studio Version 17
VisualStudioVersion = 17.13.35825.156 d17.13
MinimumVisualStudioVersion = 10.0.40219.1
Project("{FAE04EC0-301F-11D3-BF4B-00C04F79EFBC}") = "Practica 4 Cilindro", "Practica 4 Cilindro\Practica 4 Cilindro.csproj", "{D8AC241C-509B-47A7-BBD7-00ED88CBE813}"
EndProject
Global
	GlobalSection(SolutionConfigurationPlatforms) = preSolution
		Debug|Any CPU = Debug|Any CPU
		Release|Any CPU = Release|Any CPU
	EndGlobalSection
	GlobalSection(ProjectConfigurationPlatforms) = postSolution
		{D8AC241C-509B-47A7-BBD7-00ED88CBE813}.Debug|Any CPU.ActiveCfg = Debug|Any CPU
		{D8AC241C-509B-47A7-BBD7-00ED88CBE813}.Debug|Any CPU.Build.0 = Debug|Any CPU
		{D8AC241C-509B-47A7-BBD7-00ED88CBE813}.Release|Any CPU.ActiveCfg = Release|Any CPU
		{D8AC241C-509B-47A7-BBD7-00ED88CBE813}.Release|Any CPU.Build.0 = Release|Any CPU
	EndGlobalSection
	GlobalSection(SolutionProperties) = preSolution
		HideSolutionNode = FALSE
	EndGlobalSection
	GlobalSection(ExtensibilityGlobals) = postSolution
		SolutionGuid = {9E6505EB-CE60-46BB-BACB-C01BF719C495}
	EndGlobalSection
EndGlobal
