
Microsoft Visual Studio Solution File, Format Version 12.00
# Visual Studio Version 17
VisualStudioVersion = 17.13.35825.156 d17.13
MinimumVisualStudioVersion = 10.0.40219.1
Project("{FAE04EC0-301F-11D3-BF4B-00C04F79EFBC}") = "ES 12", "ES 12\ES 12.csproj", "{F8FA899B-DA90-483B-A4DD-D29C919B45B1}"
EndProject
Global
	GlobalSection(SolutionConfigurationPlatforms) = preSolution
		Debug|Any CPU = Debug|Any CPU
		Release|Any CPU = Release|Any CPU
	EndGlobalSection
	GlobalSection(ProjectConfigurationPlatforms) = postSolution
		{F8FA899B-DA90-483B-A4DD-D29C919B45B1}.Debug|Any CPU.ActiveCfg = Debug|Any CPU
		{F8FA899B-DA90-483B-A4DD-D29C919B45B1}.Debug|Any CPU.Build.0 = Debug|Any CPU
		{F8FA899B-DA90-483B-A4DD-D29C919B45B1}.Release|Any CPU.ActiveCfg = Release|Any CPU
		{F8FA899B-DA90-483B-A4DD-D29C919B45B1}.Release|Any CPU.Build.0 = Release|Any CPU
	EndGlobalSection
	GlobalSection(SolutionProperties) = preSolution
		HideSolutionNode = FALSE
	EndGlobalSection
	GlobalSection(ExtensibilityGlobals) = postSolution
		SolutionGuid = {70F5C298-76CA-4887-86EB-0A7F123D2A0B}
	EndGlobalSection
EndGlobal
