
Microsoft Visual Studio Solution File, Format Version 12.00
# Visual Studio Version 17
VisualStudioVersion = 17.13.35825.156 d17.13
MinimumVisualStudioVersion = 10.0.40219.1
Project("{FAE04EC0-301F-11D3-BF4B-00C04F79EFBC}") = "Practica 2, F, W, D", "Practica 2, F, W, D\Practica 2, F, W, D.csproj", "{7150B99A-F808-4CFB-8643-11AF2B3AAB11}"
EndProject
Global
	GlobalSection(SolutionConfigurationPlatforms) = preSolution
		Debug|Any CPU = Debug|Any CPU
		Release|Any CPU = Release|Any CPU
	EndGlobalSection
	GlobalSection(ProjectConfigurationPlatforms) = postSolution
		{7150B99A-F808-4CFB-8643-11AF2B3AAB11}.Debug|Any CPU.ActiveCfg = Debug|Any CPU
		{7150B99A-F808-4CFB-8643-11AF2B3AAB11}.Debug|Any CPU.Build.0 = Debug|Any CPU
		{7150B99A-F808-4CFB-8643-11AF2B3AAB11}.Release|Any CPU.ActiveCfg = Release|Any CPU
		{7150B99A-F808-4CFB-8643-11AF2B3AAB11}.Release|Any CPU.Build.0 = Release|Any CPU
	EndGlobalSection
	GlobalSection(SolutionProperties) = preSolution
		HideSolutionNode = FALSE
	EndGlobalSection
	GlobalSection(ExtensibilityGlobals) = postSolution
		SolutionGuid = {E7BB7999-F477-4C8B-B9E6-C4943E9BE5C4}
	EndGlobalSection
EndGlobal
